<?xml version="1.0" encoding="utf-8"?>
<Project ToolsVersion="4.0" xmlns="http://schemas.microsoft.com/developer/msbuild/2003">
  <ItemGroup>
    <Filter Include="Source Files">
      <UniqueIdentifier>{4FC737F1-C7A5-4376-A066-2A32D752A2FF}</UniqueIdentifier>
      <Extensions>cpp;c;cc;cxx;def;odl;idl;hpj;bat;asm;asmx</Extensions>
    </Filter>
    <Filter Include="Header Files">
      <UniqueIdentifier>{93995380-89BD-4b04-88EB-625FBE52EBFB}</UniqueIdentifier>
      <Extensions>h;hpp;hxx;hm;inl;inc;xsd</Extensions>
    </Filter>
    <Filter Include="images">
      <UniqueIdentifier>{bb138fcb-9dff-4916-a340-844535b5d2da}</UniqueIdentifier>
    </Filter>
    <Filter Include="images\Header Files">
      <UniqueIdentifier>{27dec06f-aebe-4c80-9f1b-bfac19cc3df6}</UniqueIdentifier>
      <Extensions>h;hpp;hxx;hm;inl;inc;xsd</Extensions>
    </Filter>
    <Filter Include="images\Source Files">
      <UniqueIdentifier>{6b3c0c33-a0e3-46b2-a2d7-8182b7f7e431}</UniqueIdentifier>
      <Extensions>cpp;c;cc;cxx;def;odl;idl;hpj;bat;asm;asmx</Extensions>
    </Filter>
    <Filter Include="aurora">
      <UniqueIdentifier>{33d5d260-506b-401c-b603-5acf9a9a7318}</UniqueIdentifier>
    </Filter>
    <Filter Include="aurora\Header Files">
      <UniqueIdentifier>{c8418941-da01-4fb3-a9e5-ec7cacf7e234}</UniqueIdentifier>
    </Filter>
    <Filter Include="aurora\Source Files">
      <UniqueIdentifier>{cbe739b0-d2ae-417e-a80b-a2f8d0b8e790}</UniqueIdentifier>
    </Filter>
  </ItemGroup>
  <ItemGroup>
    <ClInclude Include="..\..\src\graphics\camera.h">
      <Filter>Header Files</Filter>
    </ClInclude>
    <ClInclude Include="..\..\src\graphics\cursor.h">
      <Filter>Header Files</Filter>
    </ClInclude>
    <ClInclude Include="..\..\src\graphics\font.h">
      <Filter>Header Files</Filter>
    </ClInclude>
    <ClInclude Include="..\..\src\graphics\fpscounter.h">
      <Filter>Header Files</Filter>
    </ClInclude>
    <ClInclude Include="..\..\src\graphics\glcontainer.h">
      <Filter>Header Files</Filter>
    </ClInclude>
    <ClInclude Include="..\..\src\graphics\graphics.h">
      <Filter>Header Files</Filter>
    </ClInclude>
    <ClInclude Include="..\..\src\graphics\guifrontelement.h">
      <Filter>Header Files</Filter>
    </ClInclude>
    <ClInclude Include="..\..\src\graphics\object.h">
      <Filter>Header Files</Filter>
    </ClInclude>
    <ClInclude Include="..\..\src\graphics\queueable.h">
      <Filter>Header Files</Filter>
    </ClInclude>
    <ClInclude Include="..\..\src\graphics\queueman.h">
      <Filter>Header Files</Filter>
    </ClInclude>
    <ClInclude Include="..\..\src\graphics\renderable.h">
      <Filter>Header Files</Filter>
    </ClInclude>
    <ClInclude Include="..\..\src\graphics\texture.h">
      <Filter>Header Files</Filter>
    </ClInclude>
    <ClInclude Include="..\..\src\graphics\ttf.h">
      <Filter>Header Files</Filter>
    </ClInclude>
    <ClInclude Include="..\..\src\graphics\types.h">
      <Filter>Header Files</Filter>
    </ClInclude>
    <ClInclude Include="..\..\src\graphics\util.h">
      <Filter>Header Files</Filter>
    </ClInclude>
    <ClInclude Include="..\..\src\graphics\yuv_to_rgb.h">
      <Filter>Header Files</Filter>
    </ClInclude>
    <ClInclude Include="..\..\src\graphics\images\dds.h">
      <Filter>images\Header Files</Filter>
    </ClInclude>
    <ClInclude Include="..\..\src\graphics\images\decoder.h">
      <Filter>images\Header Files</Filter>
    </ClInclude>
    <ClInclude Include="..\..\src\graphics\images\dumptga.h">
      <Filter>images\Header Files</Filter>
    </ClInclude>
    <ClInclude Include="..\..\src\graphics\images\s3tc.h">
      <Filter>images\Header Files</Filter>
    </ClInclude>
    <ClInclude Include="..\..\src\graphics\images\sbm.h">
      <Filter>images\Header Files</Filter>
    </ClInclude>
    <ClInclude Include="..\..\src\graphics\images\screenshot.h">
      <Filter>images\Header Files</Filter>
    </ClInclude>
    <ClInclude Include="..\..\src\graphics\images\surface.h">
      <Filter>images\Header Files</Filter>
    </ClInclude>
    <ClInclude Include="..\..\src\graphics\images\tga.h">
      <Filter>images\Header Files</Filter>
    </ClInclude>
    <ClInclude Include="..\..\src\graphics\images\tpc.h">
      <Filter>images\Header Files</Filter>
    </ClInclude>
    <ClInclude Include="..\..\src\graphics\images\txb.h">
      <Filter>images\Header Files</Filter>
    </ClInclude>
    <ClInclude Include="..\..\src\graphics\images\txi.h">
      <Filter>images\Header Files</Filter>
    </ClInclude>
    <ClInclude Include="..\..\src\graphics\images\txitypes.h">
      <Filter>images\Header Files</Filter>
    </ClInclude>
    <ClInclude Include="..\..\src\graphics\images\winiconimage.h">
      <Filter>images\Header Files</Filter>
    </ClInclude>
    <ClInclude Include="..\..\src\graphics\aurora\abcfont.h">
      <Filter>aurora\Header Files</Filter>
    </ClInclude>
    <ClInclude Include="..\..\src\graphics\aurora\animation.h">
      <Filter>aurora\Header Files</Filter>
    </ClInclude>
    <ClInclude Include="..\..\src\graphics\aurora\animnode.h">
      <Filter>aurora\Header Files</Filter>
    </ClInclude>
    <ClInclude Include="..\..\src\graphics\aurora\cube.h">
      <Filter>aurora\Header Files</Filter>
    </ClInclude>
    <ClInclude Include="..\..\src\graphics\aurora\cursor.h">
      <Filter>aurora\Header Files</Filter>
    </ClInclude>
    <ClInclude Include="..\..\src\graphics\aurora\cursorman.h">
      <Filter>aurora\Header Files</Filter>
    </ClInclude>
    <ClInclude Include="..\..\src\graphics\aurora\fontman.h">
      <Filter>aurora\Header Files</Filter>
    </ClInclude>
    <ClInclude Include="..\..\src\graphics\aurora\fps.h">
      <Filter>aurora\Header Files</Filter>
    </ClInclude>
    <ClInclude Include="..\..\src\graphics\aurora\guiquad.h">
      <Filter>aurora\Header Files</Filter>
    </ClInclude>
    <ClInclude Include="..\..\src\graphics\aurora\model.h">
      <Filter>aurora\Header Files</Filter>
    </ClInclude>
    <ClInclude Include="..\..\src\graphics\aurora\modelnode.h">
      <Filter>aurora\Header Files</Filter>
    </ClInclude>
    <ClInclude Include="..\..\src\graphics\aurora\model_kotor.h">
      <Filter>aurora\Header Files</Filter>
    </ClInclude>
    <ClInclude Include="..\..\src\graphics\aurora\model_nwn.h">
      <Filter>aurora\Header Files</Filter>
    </ClInclude>
    <ClInclude Include="..\..\src\graphics\aurora\model_nwn2.h">
      <Filter>aurora\Header Files</Filter>
    </ClInclude>
    <ClInclude Include="..\..\src\graphics\aurora\model_witcher.h">
      <Filter>aurora\Header Files</Filter>
    </ClInclude>
    <ClInclude Include="..\..\src\graphics\aurora\pltfile.h">
      <Filter>aurora\Header Files</Filter>
    </ClInclude>
    <ClInclude Include="..\..\src\graphics\aurora\text.h">
      <Filter>aurora\Header Files</Filter>
    </ClInclude>
    <ClInclude Include="..\..\src\graphics\aurora\texture.h">
      <Filter>aurora\Header Files</Filter>
    </ClInclude>
    <ClInclude Include="..\..\src\graphics\aurora\texturefont.h">
      <Filter>aurora\Header Files</Filter>
    </ClInclude>
    <ClInclude Include="..\..\src\graphics\aurora\textureman.h">
      <Filter>aurora\Header Files</Filter>
    </ClInclude>
    <ClInclude Include="..\..\src\graphics\aurora\ttffont.h">
      <Filter>aurora\Header Files</Filter>
    </ClInclude>
    <ClInclude Include="..\..\src\graphics\aurora\types.h">
      <Filter>aurora\Header Files</Filter>
    </ClInclude>
  </ItemGroup>
  <ItemGroup>
    <ClCompile Include="..\..\src\graphics\camera.cpp">
      <Filter>Source Files</Filter>
    </ClCompile>
    <ClCompile Include="..\..\src\graphics\cursor.cpp">
      <Filter>Source Files</Filter>
    </ClCompile>
    <ClCompile Include="..\..\src\graphics\font.cpp">
      <Filter>Source Files</Filter>
    </ClCompile>
    <ClCompile Include="..\..\src\graphics\fpscounter.cpp">
      <Filter>Source Files</Filter>
    </ClCompile>
    <ClCompile Include="..\..\src\graphics\glcontainer.cpp">
      <Filter>Source Files</Filter>
    </ClCompile>
    <ClCompile Include="..\..\src\graphics\graphics.cpp">
      <Filter>Source Files</Filter>
    </ClCompile>
    <ClCompile Include="..\..\src\graphics\guifrontelement.cpp">
      <Filter>Source Files</Filter>
    </ClCompile>
    <ClCompile Include="..\..\src\graphics\object.cpp">
      <Filter>Source Files</Filter>
    </ClCompile>
    <ClCompile Include="..\..\src\graphics\queueable.cpp">
      <Filter>Source Files</Filter>
    </ClCompile>
    <ClCompile Include="..\..\src\graphics\queueman.cpp">
      <Filter>Source Files</Filter>
    </ClCompile>
    <ClCompile Include="..\..\src\graphics\renderable.cpp">
      <Filter>Source Files</Filter>
    </ClCompile>
    <ClCompile Include="..\..\src\graphics\texture.cpp">
      <Filter>Source Files</Filter>
    </ClCompile>
    <ClCompile Include="..\..\src\graphics\ttf.cpp">
      <Filter>Source Files</Filter>
    </ClCompile>
    <ClCompile Include="..\..\src\graphics\yuv_to_rgb.cpp">
      <Filter>Source Files</Filter>
    </ClCompile>
    <ClCompile Include="..\..\src\graphics\images\dds.cpp">
      <Filter>images\Source Files</Filter>
    </ClCompile>
    <ClCompile Include="..\..\src\graphics\images\decoder.cpp">
      <Filter>images\Source Files</Filter>
    </ClCompile>
    <ClCompile Include="..\..\src\graphics\images\dumptga.cpp">
      <Filter>images\Source Files</Filter>
    </ClCompile>
    <ClCompile Include="..\..\src\graphics\images\s3tc.cpp">
      <Filter>images\Source Files</Filter>
    </ClCompile>
    <ClCompile Include="..\..\src\graphics\images\sbm.cpp">
      <Filter>images\Source Files</Filter>
    </ClCompile>
    <ClCompile Include="..\..\src\graphics\images\screenshot.cpp">
      <Filter>images\Source Files</Filter>
    </ClCompile>
    <ClCompile Include="..\..\src\graphics\images\surface.cpp">
      <Filter>images\Source Files</Filter>
    </ClCompile>
    <ClCompile Include="..\..\src\graphics\images\tga.cpp">
      <Filter>images\Source Files</Filter>
    </ClCompile>
    <ClCompile Include="..\..\src\graphics\images\tpc.cpp">
      <Filter>images\Source Files</Filter>
    </ClCompile>
    <ClCompile Include="..\..\src\graphics\images\txb.cpp">
      <Filter>images\Source Files</Filter>
    </ClCompile>
    <ClCompile Include="..\..\src\graphics\images\txi.cpp">
      <Filter>images\Source Files</Filter>
    </ClCompile>
    <ClCompile Include="..\..\src\graphics\images\txitypes.cpp">
      <Filter>images\Source Files</Filter>
    </ClCompile>
    <ClCompile Include="..\..\src\graphics\images\winiconimage.cpp">
      <Filter>images\Source Files</Filter>
    </ClCompile>
    <ClCompile Include="..\..\src\graphics\aurora\abcfont.cpp">
      <Filter>aurora\Source Files</Filter>
    </ClCompile>
    <ClCompile Include="..\..\src\graphics\aurora\animation.cpp">
      <Filter>aurora\Source Files</Filter>
    </ClCompile>
    <ClCompile Include="..\..\src\graphics\aurora\animnode.cpp">
      <Filter>aurora\Source Files</Filter>
    </ClCompile>
    <ClCompile Include="..\..\src\graphics\aurora\cube.cpp">
      <Filter>aurora\Source Files</Filter>
    </ClCompile>
    <ClCompile Include="..\..\src\graphics\aurora\cursor.cpp">
      <Filter>aurora\Source Files</Filter>
    </ClCompile>
    <ClCompile Include="..\..\src\graphics\aurora\cursorman.cpp">
      <Filter>aurora\Source Files</Filter>
    </ClCompile>
    <ClCompile Include="..\..\src\graphics\aurora\fontman.cpp">
      <Filter>aurora\Source Files</Filter>
    </ClCompile>
    <ClCompile Include="..\..\src\graphics\aurora\fps.cpp">
      <Filter>aurora\Source Files</Filter>
    </ClCompile>
    <ClCompile Include="..\..\src\graphics\aurora\guiquad.cpp">
      <Filter>aurora\Source Files</Filter>
    </ClCompile>
    <ClCompile Include="..\..\src\graphics\aurora\model.cpp">
      <Filter>aurora\Source Files</Filter>
    </ClCompile>
    <ClCompile Include="..\..\src\graphics\aurora\modelnode.cpp">
      <Filter>aurora\Source Files</Filter>
    </ClCompile>
    <ClCompile Include="..\..\src\graphics\aurora\model_kotor.cpp">
      <Filter>aurora\Source Files</Filter>
    </ClCompile>
    <ClCompile Include="..\..\src\graphics\aurora\model_nwn.cpp">
      <Filter>aurora\Source Files</Filter>
    </ClCompile>
    <ClCompile Include="..\..\src\graphics\aurora\model_nwn2.cpp">
      <Filter>aurora\Source Files</Filter>
    </ClCompile>
    <ClCompile Include="..\..\src\graphics\aurora\model_witcher.cpp">
      <Filter>aurora\Source Files</Filter>
    </ClCompile>
    <ClCompile Include="..\..\src\graphics\aurora\pltfile.cpp">
      <Filter>aurora\Source Files</Filter>
    </ClCompile>
    <ClCompile Include="..\..\src\graphics\aurora\text.cpp">
      <Filter>aurora\Source Files</Filter>
    </ClCompile>
    <ClCompile Include="..\..\src\graphics\aurora\texture.cpp">
      <Filter>aurora\Source Files</Filter>
    </ClCompile>
    <ClCompile Include="..\..\src\graphics\aurora\texturefont.cpp">
      <Filter>aurora\Source Files</Filter>
    </ClCompile>
    <ClCompile Include="..\..\src\graphics\aurora\textureman.cpp">
      <Filter>aurora\Source Files</Filter>
    </ClCompile>
    <ClCompile Include="..\..\src\graphics\aurora\ttffont.cpp">
      <Filter>aurora\Source Files</Filter>
    </ClCompile>
  </ItemGroup>
</Project>