
Microsoft Visual Studio Solution File, Format Version 11.00
# Visual Studio 2010
Project("{8BC9CEB8-8B4A-11D0-8D11-00A0C91BC942}") = "xoreos", "xoreos.vcxproj", "{BC977446-14BE-9D6F-B3DC-BC0F3E877F85}"
	ProjectSection(ProjectDependencies) = postProject
		{E3BB7402-6DCB-4E8E-9402-F1F6F0DD3004} = {E3BB7402-6DCB-4E8E-9402-F1F6F0DD3004}
		{4A325C08-FE44-4B4C-A3BE-6F471E8E3919} = {4A325C08-FE44-4B4C-A3BE-6F471E8E3919}
		{D8CC2D1A-68EC-41D5-99C7-24810167529E} = {D8CC2D1A-68EC-41D5-99C7-24810167529E}
		{EE4F861E-73E4-4E42-A28E-2B0210108EE6} = {EE4F861E-73E4-4E42-A28E-2B0210108EE6}
		{47721C3A-E13A-40CC-B097-0D98E3131DE2} = {47721C3A-E13A-40CC-B097-0D98E3131DE2}
		{C6F5B03B-FBE9-488F-ADA5-336CF5811FCE} = {C6F5B03B-FBE9-488F-ADA5-336CF5811FCE}
		{D8371A46-AD25-404C-B8D4-F20C1AFAC36E} = {D8371A46-AD25-404C-B8D4-F20C1AFAC36E}
		{921B6755-2B18-4A1A-AEAA-83D6838BFF94} = {921B6755-2B18-4A1A-AEAA-83D6838BFF94}
		{6E1F7862-DFC9-4B09-BF44-4667C0206288} = {6E1F7862-DFC9-4B09-BF44-4667C0206288}
		{C1774D6B-3D91-45EC-AF82-A9FE8465322A} = {C1774D6B-3D91-45EC-AF82-A9FE8465322A}
		{75052883-8C28-4042-A0CD-E67C65D4BBEE} = {75052883-8C28-4042-A0CD-E67C65D4BBEE}
		{577E1ABA-0A18-42A5-BE9D-D665E120F86D} = {577E1ABA-0A18-42A5-BE9D-D665E120F86D}
		{EC7450C3-8CD6-41F3-9018-A415AB824CF2} = {EC7450C3-8CD6-41F3-9018-A415AB824CF2}
		{DA5E9AD0-BDB2-42B7-BC9C-940782675E63} = {DA5E9AD0-BDB2-42B7-BC9C-940782675E63}
		{A31C5DDE-800C-4F52-8806-DC8011C3B005} = {A31C5DDE-800C-4F52-8806-DC8011C3B005}
		{11A3FEE7-CAF8-40C8-80F6-FD76CF715B3D} = {11A3FEE7-CAF8-40C8-80F6-FD76CF715B3D}
		{225668F9-2538-43BA-9F32-F22747D5F6E5} = {225668F9-2538-43BA-9F32-F22747D5F6E5}
		{906B5CFD-B056-466A-8480-056DC61AD17D} = {906B5CFD-B056-466A-8480-056DC61AD17D}
		{5565D7FF-DF23-4BD2-8EF7-8C5195AD49B0} = {5565D7FF-DF23-4BD2-8EF7-8C5195AD49B0}
	EndProjectSection
EndProject
Project("{8BC9CEB8-8B4A-11D0-8D11-00A0C91BC942}") = "glew", "glew.vcxproj", "{C1774D6B-3D91-45EC-AF82-A9FE8465322A}"
EndProject
Project("{8BC9CEB8-8B4A-11D0-8D11-00A0C91BC942}") = "lua", "lua.vcxproj", "{C6F5B03B-FBE9-488F-ADA5-336CF5811FCE}"
EndProject
Project("{8BC9CEB8-8B4A-11D0-8D11-00A0C91BC942}") = "common", "common.vcxproj", "{A31C5DDE-800C-4F52-8806-DC8011C3B005}"
EndProject
Project("{8BC9CEB8-8B4A-11D0-8D11-00A0C91BC942}") = "graphics", "graphics.vcxproj", "{75052883-8C28-4042-A0CD-E67C65D4BBEE}"
	ProjectSection(ProjectDependencies) = postProject
		{C1774D6B-3D91-45EC-AF82-A9FE8465322A} = {C1774D6B-3D91-45EC-AF82-A9FE8465322A}
		{A31C5DDE-800C-4F52-8806-DC8011C3B005} = {A31C5DDE-800C-4F52-8806-DC8011C3B005}
	EndProjectSection
EndProject
Project("{8BC9CEB8-8B4A-11D0-8D11-00A0C91BC942}") = "sound", "sound.vcxproj", "{5565D7FF-DF23-4BD2-8EF7-8C5195AD49B0}"
	ProjectSection(ProjectDependencies) = postProject
		{A31C5DDE-800C-4F52-8806-DC8011C3B005} = {A31C5DDE-800C-4F52-8806-DC8011C3B005}
	EndProjectSection
EndProject
Project("{8BC9CEB8-8B4A-11D0-8D11-00A0C91BC942}") = "video", "video.vcxproj", "{DA5E9AD0-BDB2-42B7-BC9C-940782675E63}"
	ProjectSection(ProjectDependencies) = postProject
		{A31C5DDE-800C-4F52-8806-DC8011C3B005} = {A31C5DDE-800C-4F52-8806-DC8011C3B005}
	EndProjectSection
EndProject
Project("{8BC9CEB8-8B4A-11D0-8D11-00A0C91BC942}") = "events", "events.vcxproj", "{225668F9-2538-43BA-9F32-F22747D5F6E5}"
	ProjectSection(ProjectDependencies) = postProject
		{A31C5DDE-800C-4F52-8806-DC8011C3B005} = {A31C5DDE-800C-4F52-8806-DC8011C3B005}
	EndProjectSection
EndProject
Project("{8BC9CEB8-8B4A-11D0-8D11-00A0C91BC942}") = "aurora", "aurora.vcxproj", "{EC7450C3-8CD6-41F3-9018-A415AB824CF2}"
	ProjectSection(ProjectDependencies) = postProject
		{A31C5DDE-800C-4F52-8806-DC8011C3B005} = {A31C5DDE-800C-4F52-8806-DC8011C3B005}
	EndProjectSection
EndProject
Project("{8BC9CEB8-8B4A-11D0-8D11-00A0C91BC942}") = "engine_aurora", "engine_aurora.vcxproj", "{D8371A46-AD25-404C-B8D4-F20C1AFAC36E}"
	ProjectSection(ProjectDependencies) = postProject
		{A31C5DDE-800C-4F52-8806-DC8011C3B005} = {A31C5DDE-800C-4F52-8806-DC8011C3B005}
	EndProjectSection
EndProject
Project("{8BC9CEB8-8B4A-11D0-8D11-00A0C91BC942}") = "engine_dragonage", "engine_dragonage.vcxproj", "{11A3FEE7-CAF8-40C8-80F6-FD76CF715B3D}"
	ProjectSection(ProjectDependencies) = postProject
		{A31C5DDE-800C-4F52-8806-DC8011C3B005} = {A31C5DDE-800C-4F52-8806-DC8011C3B005}
	EndProjectSection
EndProject
Project("{8BC9CEB8-8B4A-11D0-8D11-00A0C91BC942}") = "engine_dragonage2", "engine_dragonage2.vcxproj", "{47721C3A-E13A-40CC-B097-0D98E3131DE2}"
	ProjectSection(ProjectDependencies) = postProject
		{A31C5DDE-800C-4F52-8806-DC8011C3B005} = {A31C5DDE-800C-4F52-8806-DC8011C3B005}
	EndProjectSection
EndProject
Project("{8BC9CEB8-8B4A-11D0-8D11-00A0C91BC942}") = "engines", "engines.vcxproj", "{906B5CFD-B056-466A-8480-056DC61AD17D}"
	ProjectSection(ProjectDependencies) = postProject
		{A31C5DDE-800C-4F52-8806-DC8011C3B005} = {A31C5DDE-800C-4F52-8806-DC8011C3B005}
	EndProjectSection
EndProject
Project("{8BC9CEB8-8B4A-11D0-8D11-00A0C91BC942}") = "engine_jade", "engine_jade.vcxproj", "{577E1ABA-0A18-42A5-BE9D-D665E120F86D}"
	ProjectSection(ProjectDependencies) = postProject
		{A31C5DDE-800C-4F52-8806-DC8011C3B005} = {A31C5DDE-800C-4F52-8806-DC8011C3B005}
	EndProjectSection
EndProject
Project("{8BC9CEB8-8B4A-11D0-8D11-00A0C91BC942}") = "engine_kotor", "engine_kotor.vcxproj", "{6E1F7862-DFC9-4B09-BF44-4667C0206288}"
	ProjectSection(ProjectDependencies) = postProject
		{A31C5DDE-800C-4F52-8806-DC8011C3B005} = {A31C5DDE-800C-4F52-8806-DC8011C3B005}
	EndProjectSection
EndProject
Project("{8BC9CEB8-8B4A-11D0-8D11-00A0C91BC942}") = "engine_kotor2", "engine_kotor2.vcxproj", "{EE4F861E-73E4-4E42-A28E-2B0210108EE6}"
	ProjectSection(ProjectDependencies) = postProject
		{A31C5DDE-800C-4F52-8806-DC8011C3B005} = {A31C5DDE-800C-4F52-8806-DC8011C3B005}
	EndProjectSection
EndProject
Project("{8BC9CEB8-8B4A-11D0-8D11-00A0C91BC942}") = "engine_nwn", "engine_nwn.vcxproj", "{E3BB7402-6DCB-4E8E-9402-F1F6F0DD3004}"
	ProjectSection(ProjectDependencies) = postProject
		{A31C5DDE-800C-4F52-8806-DC8011C3B005} = {A31C5DDE-800C-4F52-8806-DC8011C3B005}
	EndProjectSection
EndProject
Project("{8BC9CEB8-8B4A-11D0-8D11-00A0C91BC942}") = "engine_nwn2", "engine_nwn2.vcxproj", "{4A325C08-FE44-4B4C-A3BE-6F471E8E3919}"
	ProjectSection(ProjectDependencies) = postProject
		{A31C5DDE-800C-4F52-8806-DC8011C3B005} = {A31C5DDE-800C-4F52-8806-DC8011C3B005}
	EndProjectSection
EndProject
Project("{8BC9CEB8-8B4A-11D0-8D11-00A0C91BC942}") = "engine_sonic", "engine_sonic.vcxproj", "{D8CC2D1A-68EC-41D5-99C7-24810167529E}"
	ProjectSection(ProjectDependencies) = postProject
		{A31C5DDE-800C-4F52-8806-DC8011C3B005} = {A31C5DDE-800C-4F52-8806-DC8011C3B005}
	EndProjectSection
EndProject
Project("{8BC9CEB8-8B4A-11D0-8D11-00A0C91BC942}") = "engine_thewitcher", "engine_thewitcher.vcxproj", "{921B6755-2B18-4A1A-AEAA-83D6838BFF94}"
	ProjectSection(ProjectDependencies) = postProject
		{A31C5DDE-800C-4F52-8806-DC8011C3B005} = {A31C5DDE-800C-4F52-8806-DC8011C3B005}
	EndProjectSection
EndProject
Global
	GlobalSection(SolutionConfigurationPlatforms) = preSolution
		Debug|Win32 = Debug|Win32
		Release|Win32 = Release|Win32
	EndGlobalSection
	GlobalSection(ProjectConfigurationPlatforms) = postSolution
		{BC977446-14BE-9D6F-B3DC-BC0F3E877F85}.Debug|Win32.ActiveCfg = Debug|Win32
		{BC977446-14BE-9D6F-B3DC-BC0F3E877F85}.Debug|Win32.Build.0 = Debug|Win32
		{BC977446-14BE-9D6F-B3DC-BC0F3E877F85}.Release|Win32.ActiveCfg = Release|Win32
		{BC977446-14BE-9D6F-B3DC-BC0F3E877F85}.Release|Win32.Build.0 = Release|Win32
		{C1774D6B-3D91-45EC-AF82-A9FE8465322A}.Debug|Win32.ActiveCfg = Debug|Win32
		{C1774D6B-3D91-45EC-AF82-A9FE8465322A}.Debug|Win32.Build.0 = Debug|Win32
		{C1774D6B-3D91-45EC-AF82-A9FE8465322A}.Release|Win32.ActiveCfg = Release|Win32
		{C1774D6B-3D91-45EC-AF82-A9FE8465322A}.Release|Win32.Build.0 = Release|Win32
		{C6F5B03B-FBE9-488F-ADA5-336CF5811FCE}.Debug|Win32.ActiveCfg = Debug|Win32
		{C6F5B03B-FBE9-488F-ADA5-336CF5811FCE}.Debug|Win32.Build.0 = Debug|Win32
		{C6F5B03B-FBE9-488F-ADA5-336CF5811FCE}.Release|Win32.ActiveCfg = Release|Win32
		{C6F5B03B-FBE9-488F-ADA5-336CF5811FCE}.Release|Win32.Build.0 = Release|Win32
		{A31C5DDE-800C-4F52-8806-DC8011C3B005}.Debug|Win32.ActiveCfg = Debug|Win32
		{A31C5DDE-800C-4F52-8806-DC8011C3B005}.Debug|Win32.Build.0 = Debug|Win32
		{A31C5DDE-800C-4F52-8806-DC8011C3B005}.Release|Win32.ActiveCfg = Release|Win32
		{A31C5DDE-800C-4F52-8806-DC8011C3B005}.Release|Win32.Build.0 = Release|Win32
		{75052883-8C28-4042-A0CD-E67C65D4BBEE}.Debug|Win32.ActiveCfg = Debug|Win32
		{75052883-8C28-4042-A0CD-E67C65D4BBEE}.Debug|Win32.Build.0 = Debug|Win32
		{75052883-8C28-4042-A0CD-E67C65D4BBEE}.Release|Win32.ActiveCfg = Release|Win32
		{75052883-8C28-4042-A0CD-E67C65D4BBEE}.Release|Win32.Build.0 = Release|Win32
		{5565D7FF-DF23-4BD2-8EF7-8C5195AD49B0}.Debug|Win32.ActiveCfg = Debug|Win32
		{5565D7FF-DF23-4BD2-8EF7-8C5195AD49B0}.Debug|Win32.Build.0 = Debug|Win32
		{5565D7FF-DF23-4BD2-8EF7-8C5195AD49B0}.Release|Win32.ActiveCfg = Release|Win32
		{5565D7FF-DF23-4BD2-8EF7-8C5195AD49B0}.Release|Win32.Build.0 = Release|Win32
		{DA5E9AD0-BDB2-42B7-BC9C-940782675E63}.Debug|Win32.ActiveCfg = Debug|Win32
		{DA5E9AD0-BDB2-42B7-BC9C-940782675E63}.Debug|Win32.Build.0 = Debug|Win32
		{DA5E9AD0-BDB2-42B7-BC9C-940782675E63}.Release|Win32.ActiveCfg = Release|Win32
		{DA5E9AD0-BDB2-42B7-BC9C-940782675E63}.Release|Win32.Build.0 = Release|Win32
		{225668F9-2538-43BA-9F32-F22747D5F6E5}.Debug|Win32.ActiveCfg = Debug|Win32
		{225668F9-2538-43BA-9F32-F22747D5F6E5}.Debug|Win32.Build.0 = Debug|Win32
		{225668F9-2538-43BA-9F32-F22747D5F6E5}.Release|Win32.ActiveCfg = Release|Win32
		{225668F9-2538-43BA-9F32-F22747D5F6E5}.Release|Win32.Build.0 = Release|Win32
		{EC7450C3-8CD6-41F3-9018-A415AB824CF2}.Debug|Win32.ActiveCfg = Debug|Win32
		{EC7450C3-8CD6-41F3-9018-A415AB824CF2}.Debug|Win32.Build.0 = Debug|Win32
		{EC7450C3-8CD6-41F3-9018-A415AB824CF2}.Release|Win32.ActiveCfg = Release|Win32
		{EC7450C3-8CD6-41F3-9018-A415AB824CF2}.Release|Win32.Build.0 = Release|Win32
		{D8371A46-AD25-404C-B8D4-F20C1AFAC36E}.Debug|Win32.ActiveCfg = Debug|Win32
		{D8371A46-AD25-404C-B8D4-F20C1AFAC36E}.Debug|Win32.Build.0 = Debug|Win32
		{D8371A46-AD25-404C-B8D4-F20C1AFAC36E}.Release|Win32.ActiveCfg = Release|Win32
		{D8371A46-AD25-404C-B8D4-F20C1AFAC36E}.Release|Win32.Build.0 = Release|Win32
		{11A3FEE7-CAF8-40C8-80F6-FD76CF715B3D}.Debug|Win32.ActiveCfg = Debug|Win32
		{11A3FEE7-CAF8-40C8-80F6-FD76CF715B3D}.Debug|Win32.Build.0 = Debug|Win32
		{11A3FEE7-CAF8-40C8-80F6-FD76CF715B3D}.Release|Win32.ActiveCfg = Release|Win32
		{11A3FEE7-CAF8-40C8-80F6-FD76CF715B3D}.Release|Win32.Build.0 = Release|Win32
		{47721C3A-E13A-40CC-B097-0D98E3131DE2}.Debug|Win32.ActiveCfg = Debug|Win32
		{47721C3A-E13A-40CC-B097-0D98E3131DE2}.Debug|Win32.Build.0 = Debug|Win32
		{47721C3A-E13A-40CC-B097-0D98E3131DE2}.Release|Win32.ActiveCfg = Release|Win32
		{47721C3A-E13A-40CC-B097-0D98E3131DE2}.Release|Win32.Build.0 = Release|Win32
		{906B5CFD-B056-466A-8480-056DC61AD17D}.Debug|Win32.ActiveCfg = Debug|Win32
		{906B5CFD-B056-466A-8480-056DC61AD17D}.Debug|Win32.Build.0 = Debug|Win32
		{906B5CFD-B056-466A-8480-056DC61AD17D}.Release|Win32.ActiveCfg = Release|Win32
		{906B5CFD-B056-466A-8480-056DC61AD17D}.Release|Win32.Build.0 = Release|Win32
		{577E1ABA-0A18-42A5-BE9D-D665E120F86D}.Debug|Win32.ActiveCfg = Debug|Win32
		{577E1ABA-0A18-42A5-BE9D-D665E120F86D}.Debug|Win32.Build.0 = Debug|Win32
		{577E1ABA-0A18-42A5-BE9D-D665E120F86D}.Release|Win32.ActiveCfg = Release|Win32
		{577E1ABA-0A18-42A5-BE9D-D665E120F86D}.Release|Win32.Build.0 = Release|Win32
		{6E1F7862-DFC9-4B09-BF44-4667C0206288}.Debug|Win32.ActiveCfg = Debug|Win32
		{6E1F7862-DFC9-4B09-BF44-4667C0206288}.Debug|Win32.Build.0 = Debug|Win32
		{6E1F7862-DFC9-4B09-BF44-4667C0206288}.Release|Win32.ActiveCfg = Release|Win32
		{6E1F7862-DFC9-4B09-BF44-4667C0206288}.Release|Win32.Build.0 = Release|Win32
		{EE4F861E-73E4-4E42-A28E-2B0210108EE6}.Debug|Win32.ActiveCfg = Debug|Win32
		{EE4F861E-73E4-4E42-A28E-2B0210108EE6}.Debug|Win32.Build.0 = Debug|Win32
		{EE4F861E-73E4-4E42-A28E-2B0210108EE6}.Release|Win32.ActiveCfg = Release|Win32
		{EE4F861E-73E4-4E42-A28E-2B0210108EE6}.Release|Win32.Build.0 = Release|Win32
		{E3BB7402-6DCB-4E8E-9402-F1F6F0DD3004}.Debug|Win32.ActiveCfg = Debug|Win32
		{E3BB7402-6DCB-4E8E-9402-F1F6F0DD3004}.Debug|Win32.Build.0 = Debug|Win32
		{E3BB7402-6DCB-4E8E-9402-F1F6F0DD3004}.Release|Win32.ActiveCfg = Release|Win32
		{E3BB7402-6DCB-4E8E-9402-F1F6F0DD3004}.Release|Win32.Build.0 = Release|Win32
		{4A325C08-FE44-4B4C-A3BE-6F471E8E3919}.Debug|Win32.ActiveCfg = Debug|Win32
		{4A325C08-FE44-4B4C-A3BE-6F471E8E3919}.Debug|Win32.Build.0 = Debug|Win32
		{4A325C08-FE44-4B4C-A3BE-6F471E8E3919}.Release|Win32.ActiveCfg = Release|Win32
		{4A325C08-FE44-4B4C-A3BE-6F471E8E3919}.Release|Win32.Build.0 = Release|Win32
		{D8CC2D1A-68EC-41D5-99C7-24810167529E}.Debug|Win32.ActiveCfg = Debug|Win32
		{D8CC2D1A-68EC-41D5-99C7-24810167529E}.Debug|Win32.Build.0 = Debug|Win32
		{D8CC2D1A-68EC-41D5-99C7-24810167529E}.Release|Win32.ActiveCfg = Release|Win32
		{D8CC2D1A-68EC-41D5-99C7-24810167529E}.Release|Win32.Build.0 = Release|Win32
		{921B6755-2B18-4A1A-AEAA-83D6838BFF94}.Debug|Win32.ActiveCfg = Debug|Win32
		{921B6755-2B18-4A1A-AEAA-83D6838BFF94}.Debug|Win32.Build.0 = Debug|Win32
		{921B6755-2B18-4A1A-AEAA-83D6838BFF94}.Release|Win32.ActiveCfg = Release|Win32
		{921B6755-2B18-4A1A-AEAA-83D6838BFF94}.Release|Win32.Build.0 = Release|Win32
	EndGlobalSection
	GlobalSection(SolutionProperties) = preSolution
		HideSolutionNode = FALSE
	EndGlobalSection
EndGlobal
